
Microsoft Visual Studio Solution File, Format Version 12.00
# Visual Studio Version 16
VisualStudioVersion = 16.0.30406.217
MinimumVisualStudioVersion = 10.0.40219.1
Project("{FAE04EC0-301F-11D3-BF4B-00C04F79EFBC}") = "Requests", "Requests\Requests.csproj", "{DA870525-8598-4253-8F80-06E1887B6E7D}"
EndProject
Project("{FAE04EC0-301F-11D3-BF4B-00C04F79EFBC}") = "Requests.Data", "Requests.Data\Requests.Data.csproj", "{0AD41397-04E7-4183-B536-833F4F6789B2}"
EndProject
Project("{FAE04EC0-301F-11D3-BF4B-00C04F79EFBC}") = "HandleRequestWorker", "HandleRequestWorker\HandleRequestWorker.csproj", "{2A8481F1-DE67-411D-AF1A-27283E05810D}"
EndProject
Global
	GlobalSection(SolutionConfigurationPlatforms) = preSolution
		Debug|Any CPU = Debug|Any CPU
		Release|Any CPU = Release|Any CPU
	EndGlobalSection
	GlobalSection(ProjectConfigurationPlatforms) = postSolution
		{DA870525-8598-4253-8F80-06E1887B6E7D}.Debug|Any CPU.ActiveCfg = Debug|Any CPU
		{DA870525-8598-4253-8F80-06E1887B6E7D}.Debug|Any CPU.Build.0 = Debug|Any CPU
		{DA870525-8598-4253-8F80-06E1887B6E7D}.Release|Any CPU.ActiveCfg = Release|Any CPU
		{DA870525-8598-4253-8F80-06E1887B6E7D}.Release|Any CPU.Build.0 = Release|Any CPU
		{0AD41397-04E7-4183-B536-833F4F6789B2}.Debug|Any CPU.ActiveCfg = Debug|Any CPU
		{0AD41397-04E7-4183-B536-833F4F6789B2}.Debug|Any CPU.Build.0 = Debug|Any CPU
		{0AD41397-04E7-4183-B536-833F4F6789B2}.Release|Any CPU.ActiveCfg = Release|Any CPU
		{0AD41397-04E7-4183-B536-833F4F6789B2}.Release|Any CPU.Build.0 = Release|Any CPU
		{2A8481F1-DE67-411D-AF1A-27283E05810D}.Debug|Any CPU.ActiveCfg = Debug|Any CPU
		{2A8481F1-DE67-411D-AF1A-27283E05810D}.Debug|Any CPU.Build.0 = Debug|Any CPU
		{2A8481F1-DE67-411D-AF1A-27283E05810D}.Release|Any CPU.ActiveCfg = Release|Any CPU
		{2A8481F1-DE67-411D-AF1A-27283E05810D}.Release|Any CPU.Build.0 = Release|Any CPU
	EndGlobalSection
	GlobalSection(SolutionProperties) = preSolution
		HideSolutionNode = FALSE
	EndGlobalSection
	GlobalSection(ExtensibilityGlobals) = postSolution
		SolutionGuid = {F618BD22-90D0-46DF-B006-D6929342274E}
	EndGlobalSection
EndGlobal
